
Microsoft Visual Studio Solution File, Format Version 12.00
# Visual Studio Version 16
VisualStudioVersion = 16.0.29411.108
MinimumVisualStudioVersion = 10.0.40219.1
Project("{FAE04EC0-301F-11D3-BF4B-00C04F79EFBC}") = "Laser_path", "Laser_path\Laser_path.csproj", "{02E39F6E-2DC5-4FF5-BA30-7705E06D872E}"
EndProject
Project("{FAE04EC0-301F-11D3-BF4B-00C04F79EFBC}") = "ObjParser", "ObjParser\ObjParser.csproj", "{04AA9B94-B460-4E73-BAF0-0154494BFE82}"
EndProject
Global
	GlobalSection(SolutionConfigurationPlatforms) = preSolution
		Debug|Any CPU = Debug|Any CPU
		Release|Any CPU = Release|Any CPU
	EndGlobalSection
	GlobalSection(ProjectConfigurationPlatforms) = postSolution
		{02E39F6E-2DC5-4FF5-BA30-7705E06D872E}.Debug|Any CPU.ActiveCfg = Debug|Any CPU
		{02E39F6E-2DC5-4FF5-BA30-7705E06D872E}.Debug|Any CPU.Build.0 = Debug|Any CPU
		{02E39F6E-2DC5-4FF5-BA30-7705E06D872E}.Release|Any CPU.ActiveCfg = Release|Any CPU
		{02E39F6E-2DC5-4FF5-BA30-7705E06D872E}.Release|Any CPU.Build.0 = Release|Any CPU
		{04AA9B94-B460-4E73-BAF0-0154494BFE82}.Debug|Any CPU.ActiveCfg = Debug|Any CPU
		{04AA9B94-B460-4E73-BAF0-0154494BFE82}.Debug|Any CPU.Build.0 = Debug|Any CPU
		{04AA9B94-B460-4E73-BAF0-0154494BFE82}.Release|Any CPU.ActiveCfg = Release|Any CPU
		{04AA9B94-B460-4E73-BAF0-0154494BFE82}.Release|Any CPU.Build.0 = Release|Any CPU
	EndGlobalSection
	GlobalSection(SolutionProperties) = preSolution
		HideSolutionNode = FALSE
	EndGlobalSection
	GlobalSection(ExtensibilityGlobals) = postSolution
		SolutionGuid = {46FC285A-ABBC-4452-A738-86CB29BD5AF4}
	EndGlobalSection
EndGlobal
